
Microsoft Visual Studio Solution File, Format Version 12.00
# Visual Studio Version 17
VisualStudioVersion = 17.13.35931.197 d17.13
MinimumVisualStudioVersion = 10.0.40219.1
Project("{FAE04EC0-301F-11D3-BF4B-00C04F79EFBC}") = "TO-DO", "TO-DO\TO-DO.csproj", "{B8554DBF-0FB4-4822-9FA9-1A877EDB84D2}"
EndProject
Global
	GlobalSection(SolutionConfigurationPlatforms) = preSolution
		Debug|Any CPU = Debug|Any CPU
		Release|Any CPU = Release|Any CPU
	EndGlobalSection
	GlobalSection(ProjectConfigurationPlatforms) = postSolution
		{B8554DBF-0FB4-4822-9FA9-1A877EDB84D2}.Debug|Any CPU.ActiveCfg = Debug|Any CPU
		{B8554DBF-0FB4-4822-9FA9-1A877EDB84D2}.Debug|Any CPU.Build.0 = Debug|Any CPU
		{B8554DBF-0FB4-4822-9FA9-1A877EDB84D2}.Release|Any CPU.ActiveCfg = Release|Any CPU
		{B8554DBF-0FB4-4822-9FA9-1A877EDB84D2}.Release|Any CPU.Build.0 = Release|Any CPU
	EndGlobalSection
	GlobalSection(SolutionProperties) = preSolution
		HideSolutionNode = FALSE
	EndGlobalSection
	GlobalSection(ExtensibilityGlobals) = postSolution
		SolutionGuid = {BF9F3F58-DAA2-4923-AAAC-F08B0A515E2D}
	EndGlobalSection
EndGlobal
